
Microsoft Visual Studio Solution File, Format Version 12.00
# Visual Studio Version 17
VisualStudioVersion = 17.14.36408.4 d17.14
MinimumVisualStudioVersion = 10.0.40219.1
Project("{2150E333-8FDC-42A3-9474-1A3956D46DE8}") = "src", "src", "{02EA681E-C7D8-13C7-8484-4AC65E1B71E8}"
EndProject
Project("{2150E333-8FDC-42A3-9474-1A3956D46DE8}") = "tests", "tests", "{27392ACF-7EA4-47AE-BCF4-41E30458D73A}"
EndProject
Project("{2150E333-8FDC-42A3-9474-1A3956D46DE8}") = "CRM.API", "CRM.API", "{BA84367C-B089-4DCB-AEAB-0C2DEF271502}"
EndProject
Project("{2150E333-8FDC-42A3-9474-1A3956D46DE8}") = "CRM.Application", "CRM.Application", "{B8FDA9D7-070E-4483-A18A-4DF7AABC0040}"
EndProject
Project("{2150E333-8FDC-42A3-9474-1A3956D46DE8}") = "CRM.Domain", "CRM.Domain", "{DBE47F68-5F6E-44E7-9469-7C48A82716FD}"
EndProject
Project("{2150E333-8FDC-42A3-9474-1A3956D46DE8}") = "CRM.Persistence", "CRM.Persistence", "{EBB1A5C6-D1BD-471F-9A01-5B104571B9C7}"
EndProject
Project("{FAE04EC0-301F-11D3-BF4B-00C04F79EFBC}") = "CRM.Domain", "Domain\CRM.Domain\CRM.Domain.csproj", "{76517B82-13B4-493D-8FAC-A875CB14665A}"
EndProject
Project("{FAE04EC0-301F-11D3-BF4B-00C04F79EFBC}") = "CRM.Application", "Application\CRM.Application\CRM.Application.csproj", "{E1E25CD0-8BF6-47B4-9C6F-6A7720CB5AE1}"
EndProject
Project("{FAE04EC0-301F-11D3-BF4B-00C04F79EFBC}") = "CRM.Persistence", "Persistence\CRM.Persistence\CRM.Persistence.csproj", "{D0BEC477-8BA5-4CC8-9F77-A8CEB6280717}"
EndProject
Project("{FAE04EC0-301F-11D3-BF4B-00C04F79EFBC}") = "CRM.Api", "API\CRM.Api\CRM.Api.csproj", "{83CC4D68-E2E9-417F-87FF-CC853792BE1F}"
EndProject
Global
	GlobalSection(SolutionConfigurationPlatforms) = preSolution
		Debug|Any CPU = Debug|Any CPU
		Release|Any CPU = Release|Any CPU
	EndGlobalSection
	GlobalSection(ProjectConfigurationPlatforms) = postSolution
		{76517B82-13B4-493D-8FAC-A875CB14665A}.Debug|Any CPU.ActiveCfg = Debug|Any CPU
		{76517B82-13B4-493D-8FAC-A875CB14665A}.Debug|Any CPU.Build.0 = Debug|Any CPU
		{76517B82-13B4-493D-8FAC-A875CB14665A}.Release|Any CPU.ActiveCfg = Release|Any CPU
		{76517B82-13B4-493D-8FAC-A875CB14665A}.Release|Any CPU.Build.0 = Release|Any CPU
		{E1E25CD0-8BF6-47B4-9C6F-6A7720CB5AE1}.Debug|Any CPU.ActiveCfg = Debug|Any CPU
		{E1E25CD0-8BF6-47B4-9C6F-6A7720CB5AE1}.Debug|Any CPU.Build.0 = Debug|Any CPU
		{E1E25CD0-8BF6-47B4-9C6F-6A7720CB5AE1}.Release|Any CPU.ActiveCfg = Release|Any CPU
		{E1E25CD0-8BF6-47B4-9C6F-6A7720CB5AE1}.Release|Any CPU.Build.0 = Release|Any CPU
		{D0BEC477-8BA5-4CC8-9F77-A8CEB6280717}.Debug|Any CPU.ActiveCfg = Debug|Any CPU
		{D0BEC477-8BA5-4CC8-9F77-A8CEB6280717}.Debug|Any CPU.Build.0 = Debug|Any CPU
		{D0BEC477-8BA5-4CC8-9F77-A8CEB6280717}.Release|Any CPU.ActiveCfg = Release|Any CPU
		{D0BEC477-8BA5-4CC8-9F77-A8CEB6280717}.Release|Any CPU.Build.0 = Release|Any CPU
		{83CC4D68-E2E9-417F-87FF-CC853792BE1F}.Debug|Any CPU.ActiveCfg = Debug|Any CPU
		{83CC4D68-E2E9-417F-87FF-CC853792BE1F}.Debug|Any CPU.Build.0 = Debug|Any CPU
		{83CC4D68-E2E9-417F-87FF-CC853792BE1F}.Release|Any CPU.ActiveCfg = Release|Any CPU
		{83CC4D68-E2E9-417F-87FF-CC853792BE1F}.Release|Any CPU.Build.0 = Release|Any CPU
	EndGlobalSection
	GlobalSection(SolutionProperties) = preSolution
		HideSolutionNode = FALSE
	EndGlobalSection
	GlobalSection(NestedProjects) = preSolution
		{BA84367C-B089-4DCB-AEAB-0C2DEF271502} = {02EA681E-C7D8-13C7-8484-4AC65E1B71E8}
		{B8FDA9D7-070E-4483-A18A-4DF7AABC0040} = {02EA681E-C7D8-13C7-8484-4AC65E1B71E8}
		{DBE47F68-5F6E-44E7-9469-7C48A82716FD} = {02EA681E-C7D8-13C7-8484-4AC65E1B71E8}
		{EBB1A5C6-D1BD-471F-9A01-5B104571B9C7} = {02EA681E-C7D8-13C7-8484-4AC65E1B71E8}
		{76517B82-13B4-493D-8FAC-A875CB14665A} = {DBE47F68-5F6E-44E7-9469-7C48A82716FD}
		{E1E25CD0-8BF6-47B4-9C6F-6A7720CB5AE1} = {B8FDA9D7-070E-4483-A18A-4DF7AABC0040}
		{D0BEC477-8BA5-4CC8-9F77-A8CEB6280717} = {EBB1A5C6-D1BD-471F-9A01-5B104571B9C7}
		{83CC4D68-E2E9-417F-87FF-CC853792BE1F} = {BA84367C-B089-4DCB-AEAB-0C2DEF271502}
	EndGlobalSection
	GlobalSection(ExtensibilityGlobals) = postSolution
		SolutionGuid = {C2711C7B-A847-4622-A588-87259CCEEF3F}
	EndGlobalSection
EndGlobal
